
Microsoft Visual Studio Solution File, Format Version 12.00
# Visual Studio 15
VisualStudioVersion = 15.0.28307.1433
MinimumVisualStudioVersion = 10.0.40219.1
Project("{FAE04EC0-301F-11D3-BF4B-00C04F79EFBC}") = "SortSimples", "SortSimples\SortSimples.csproj", "{01452DF7-B928-422E-963E-A77D1D47CF27}"
EndProject
Global
	GlobalSection(SolutionConfigurationPlatforms) = preSolution
		Debug|Any CPU = Debug|Any CPU
		Release|Any CPU = Release|Any CPU
	EndGlobalSection
	GlobalSection(ProjectConfigurationPlatforms) = postSolution
		{01452DF7-B928-422E-963E-A77D1D47CF27}.Debug|Any CPU.ActiveCfg = Debug|Any CPU
		{01452DF7-B928-422E-963E-A77D1D47CF27}.Debug|Any CPU.Build.0 = Debug|Any CPU
		{01452DF7-B928-422E-963E-A77D1D47CF27}.Release|Any CPU.ActiveCfg = Release|Any CPU
		{01452DF7-B928-422E-963E-A77D1D47CF27}.Release|Any CPU.Build.0 = Release|Any CPU
	EndGlobalSection
	GlobalSection(SolutionProperties) = preSolution
		HideSolutionNode = FALSE
	EndGlobalSection
	GlobalSection(ExtensibilityGlobals) = postSolution
		SolutionGuid = {B338DB6B-9A1F-476F-8BE0-20769B5A2542}
	EndGlobalSection
EndGlobal
